{
  "object": {
    "pins": [
      {
        "package": "Argo",
        "repositoryURL": "https://github.com/thoughtbot/Argo.git",
        "state": {
          "branch": null,
          "revision": "203daf8fbebff84fb8d560acd3cad32a067b6189",
          "version": "4.1.2"
        }
      },
      {
        "package": "Curry",
        "repositoryURL": "https://github.com/thoughtbot/Curry.git",
        "state": {
          "branch": null,
          "revision": "c9f1a37e0e12ad38af7933b9386bdc5f9e6222dc",
          "version": "3.0.0"
        }
      },
      {
        "package": "Nimble",
        "repositoryURL": "https://github.com/Quick/Nimble.git",
        "state": {
          "branch": null,
          "revision": "39b67002306fda9de4c9fd1290a6295f97edd09e",
          "version": "7.0.1"
        }
      },
      {
        "package": "Quick",
        "repositoryURL": "https://github.com/Quick/Quick.git",
        "state": {
          "branch": "as-swift-4-swift-3-compat",
          "revision": "c06dafd95d20e1cd37d0b91d7b25067603586bbb",
          "version": null
        }
      },
      {
        "package": "Runes",
        "repositoryURL": "https://github.com/thoughtbot/Runes.git",
        "state": {
          "branch": null,
          "revision": "e1bb1f7a589fe9172dc3410203f8b62373ea92a4",
          "version": "4.1.0"
        }
      }
    ]
  },
  "version": 1
}
