{
  "object": {
    "pins": [
      {
        "package": "Argo",
        "repositoryURL": "https://github.com/thoughtbot/Argo.git",
        "state": {
          "branch": "as-export-runes",
          "revision": "9872c96ec056d3cf3e1c348df82ed20af7bb439d",
          "version": null
        }
      },
      {
        "package": "Curry",
        "repositoryURL": "https://github.com/thoughtbot/Curry.git",
        "state": {
          "branch": null,
          "revision": "c9f1a37e0e12ad38af7933b9386bdc5f9e6222dc",
          "version": "3.0.0"
        }
      },
      {
        "package": "Nimble",
        "repositoryURL": "https://github.com/Quick/Nimble.git",
        "state": {
          "branch": "as-swift-4-swift-3-compat",
          "revision": "10eaf5406461fd57a0a748ee895882dfc57435a4",
          "version": null
        }
      },
      {
        "package": "Quick",
        "repositoryURL": "https://github.com/Quick/Quick.git",
        "state": {
          "branch": "as-swift-4-swift-3-compat",
          "revision": "c06dafd95d20e1cd37d0b91d7b25067603586bbb",
          "version": null
        }
      },
      {
        "package": "Runes",
        "repositoryURL": "https://github.com/thoughtbot/Runes.git",
        "state": {
          "branch": null,
          "revision": "727fcfe8d79ec92ce989a96329147190d20f7cd2",
          "version": "4.0.1"
        }
      }
    ]
  },
  "version": 1
}
